
Microsoft Visual Studio Solution File, Format Version 12.00
# Visual Studio Version 17
VisualStudioVersion = 17.9.34622.214
MinimumVisualStudioVersion = 10.0.40219.1
Project("{9A19103F-16F7-4668-BE54-9A1E7A4F7556}") = "DomainTests", "DomainTests\DomainTests.csproj", "{252F370D-25CC-4D6E-B21C-72DA65F7B1FE}"
EndProject
Project("{9A19103F-16F7-4668-BE54-9A1E7A4F7556}") = "Persistence", "Persistence\Persistence.csproj", "{AC86B87E-69D9-43A6-A7AA-00C86AFE0BC5}"
EndProject
Project("{9A19103F-16F7-4668-BE54-9A1E7A4F7556}") = "Application", "Application\Application.csproj", "{75A8AC98-CA58-4257-93FD-812E69640058}"
EndProject
Project("{9A19103F-16F7-4668-BE54-9A1E7A4F7556}") = "Domain", "Domain\Domain.csproj", "{CBD47C21-E112-42FB-998C-A5EDC71E9B52}"
EndProject
Project("{FAE04EC0-301F-11D3-BF4B-00C04F79EFBC}") = "WebApi", "WebApi\WebApi.csproj", "{94699988-35D3-44B8-94C6-99F506ACF3B3}"
EndProject
Global
	GlobalSection(SolutionConfigurationPlatforms) = preSolution
		Debug|Any CPU = Debug|Any CPU
		Release|Any CPU = Release|Any CPU
	EndGlobalSection
	GlobalSection(ProjectConfigurationPlatforms) = postSolution
		{252F370D-25CC-4D6E-B21C-72DA65F7B1FE}.Debug|Any CPU.ActiveCfg = Debug|Any CPU
		{252F370D-25CC-4D6E-B21C-72DA65F7B1FE}.Debug|Any CPU.Build.0 = Debug|Any CPU
		{252F370D-25CC-4D6E-B21C-72DA65F7B1FE}.Release|Any CPU.ActiveCfg = Release|Any CPU
		{252F370D-25CC-4D6E-B21C-72DA65F7B1FE}.Release|Any CPU.Build.0 = Release|Any CPU
		{AC86B87E-69D9-43A6-A7AA-00C86AFE0BC5}.Debug|Any CPU.ActiveCfg = Debug|Any CPU
		{AC86B87E-69D9-43A6-A7AA-00C86AFE0BC5}.Debug|Any CPU.Build.0 = Debug|Any CPU
		{AC86B87E-69D9-43A6-A7AA-00C86AFE0BC5}.Release|Any CPU.ActiveCfg = Release|Any CPU
		{AC86B87E-69D9-43A6-A7AA-00C86AFE0BC5}.Release|Any CPU.Build.0 = Release|Any CPU
		{75A8AC98-CA58-4257-93FD-812E69640058}.Debug|Any CPU.ActiveCfg = Debug|Any CPU
		{75A8AC98-CA58-4257-93FD-812E69640058}.Debug|Any CPU.Build.0 = Debug|Any CPU
		{75A8AC98-CA58-4257-93FD-812E69640058}.Release|Any CPU.ActiveCfg = Release|Any CPU
		{75A8AC98-CA58-4257-93FD-812E69640058}.Release|Any CPU.Build.0 = Release|Any CPU
		{CBD47C21-E112-42FB-998C-A5EDC71E9B52}.Debug|Any CPU.ActiveCfg = Debug|Any CPU
		{CBD47C21-E112-42FB-998C-A5EDC71E9B52}.Debug|Any CPU.Build.0 = Debug|Any CPU
		{CBD47C21-E112-42FB-998C-A5EDC71E9B52}.Release|Any CPU.ActiveCfg = Release|Any CPU
		{CBD47C21-E112-42FB-998C-A5EDC71E9B52}.Release|Any CPU.Build.0 = Release|Any CPU
		{94699988-35D3-44B8-94C6-99F506ACF3B3}.Debug|Any CPU.ActiveCfg = Debug|Any CPU
		{94699988-35D3-44B8-94C6-99F506ACF3B3}.Debug|Any CPU.Build.0 = Debug|Any CPU
		{94699988-35D3-44B8-94C6-99F506ACF3B3}.Release|Any CPU.ActiveCfg = Release|Any CPU
		{94699988-35D3-44B8-94C6-99F506ACF3B3}.Release|Any CPU.Build.0 = Release|Any CPU
	EndGlobalSection
	GlobalSection(SolutionProperties) = preSolution
		HideSolutionNode = FALSE
	EndGlobalSection
	GlobalSection(ExtensibilityGlobals) = postSolution
		SolutionGuid = {80264190-FD49-47F7-8916-65907225A23C}
	EndGlobalSection
EndGlobal
